
Microsoft Visual Studio Solution File, Format Version 12.00
# Visual Studio Version 16
VisualStudioVersion = 25.0.1706.11
MinimumVisualStudioVersion = 10.0.40219.1
Project("{FAE04EC0-301F-11D3-BF4B-00C04F79EFBC}") = "enerji_2", "enerji_2\enerji_2.csproj", "{96D13B77-EE9A-4625-81A4-AC46398DCEE8}"
EndProject
Global
	GlobalSection(SolutionConfigurationPlatforms) = preSolution
		Debug|Any CPU = Debug|Any CPU
		Release|Any CPU = Release|Any CPU
	EndGlobalSection
	GlobalSection(ProjectConfigurationPlatforms) = postSolution
		{96D13B77-EE9A-4625-81A4-AC46398DCEE8}.Debug|Any CPU.ActiveCfg = Debug|Any CPU
		{96D13B77-EE9A-4625-81A4-AC46398DCEE8}.Debug|Any CPU.Build.0 = Debug|Any CPU
		{96D13B77-EE9A-4625-81A4-AC46398DCEE8}.Release|Any CPU.ActiveCfg = Release|Any CPU
		{96D13B77-EE9A-4625-81A4-AC46398DCEE8}.Release|Any CPU.Build.0 = Release|Any CPU
	EndGlobalSection
	GlobalSection(SolutionProperties) = preSolution
		HideSolutionNode = FALSE
	EndGlobalSection
	GlobalSection(ExtensibilityGlobals) = postSolution
		SolutionGuid = {02F6076C-2957-42BE-A3C8-12CCAAAB72FC}
	EndGlobalSection
EndGlobal
