
Microsoft Visual Studio Solution File, Format Version 12.00
# Visual Studio Version 16
VisualStudioVersion = 25.0.1706.11
MinimumVisualStudioVersion = 10.0.40219.1
Project("{FAE04EC0-301F-11D3-BF4B-00C04F79EFBC}") = "enerjitabanli_1", "deneme\enerjitabanli_1.csproj", "{CC35B643-8BCF-420A-AF43-6CADE2AE660C}"
EndProject
Global
	GlobalSection(SolutionConfigurationPlatforms) = preSolution
		Debug|Any CPU = Debug|Any CPU
		Release|Any CPU = Release|Any CPU
	EndGlobalSection
	GlobalSection(ProjectConfigurationPlatforms) = postSolution
		{CC35B643-8BCF-420A-AF43-6CADE2AE660C}.Debug|Any CPU.ActiveCfg = Debug|Any CPU
		{CC35B643-8BCF-420A-AF43-6CADE2AE660C}.Debug|Any CPU.Build.0 = Debug|Any CPU
		{CC35B643-8BCF-420A-AF43-6CADE2AE660C}.Release|Any CPU.ActiveCfg = Release|Any CPU
		{CC35B643-8BCF-420A-AF43-6CADE2AE660C}.Release|Any CPU.Build.0 = Release|Any CPU
	EndGlobalSection
	GlobalSection(SolutionProperties) = preSolution
		HideSolutionNode = FALSE
	EndGlobalSection
	GlobalSection(ExtensibilityGlobals) = postSolution
		SolutionGuid = {403ADADC-1B58-4799-B28B-FC92CBBF964F}
	EndGlobalSection
EndGlobal
